
Microsoft Visual Studio Solution File, Format Version 12.00
# Visual Studio Version 17
VisualStudioVersion = 17.7.34221.43
MinimumVisualStudioVersion = 10.0.40219.1
Project("{9A19103F-16F7-4668-BE54-9A1E7A4F7556}") = "TermProjectBackend", "TermProjectBackend\TermProjectBackend.csproj", "{9BDB0BC8-2E27-4461-A314-92A024E7DD75}"
EndProject
Project("{FAE04EC0-301F-11D3-BF4B-00C04F79EFBC}") = "TermProjectTests", "TermProjectTests\TermProjectTests.csproj", "{889524D9-909C-449F-B261-4417A35D5033}"
EndProject
Global
	GlobalSection(SolutionConfigurationPlatforms) = preSolution
		Debug|Any CPU = Debug|Any CPU
		Release|Any CPU = Release|Any CPU
	EndGlobalSection
	GlobalSection(ProjectConfigurationPlatforms) = postSolution
		{9BDB0BC8-2E27-4461-A314-92A024E7DD75}.Debug|Any CPU.ActiveCfg = Debug|Any CPU
		{9BDB0BC8-2E27-4461-A314-92A024E7DD75}.Debug|Any CPU.Build.0 = Debug|Any CPU
		{9BDB0BC8-2E27-4461-A314-92A024E7DD75}.Release|Any CPU.ActiveCfg = Release|Any CPU
		{9BDB0BC8-2E27-4461-A314-92A024E7DD75}.Release|Any CPU.Build.0 = Release|Any CPU
		{889524D9-909C-449F-B261-4417A35D5033}.Debug|Any CPU.ActiveCfg = Debug|Any CPU
		{889524D9-909C-449F-B261-4417A35D5033}.Debug|Any CPU.Build.0 = Debug|Any CPU
		{889524D9-909C-449F-B261-4417A35D5033}.Release|Any CPU.ActiveCfg = Release|Any CPU
		{889524D9-909C-449F-B261-4417A35D5033}.Release|Any CPU.Build.0 = Release|Any CPU
	EndGlobalSection
	GlobalSection(SolutionProperties) = preSolution
		HideSolutionNode = FALSE
	EndGlobalSection
	GlobalSection(ExtensibilityGlobals) = postSolution
		SolutionGuid = {DF085945-CB1C-4E85-A7CE-9F8391B77974}
	EndGlobalSection
EndGlobal
